
Microsoft Visual Studio Solution File, Format Version 12.00
# Visual Studio 15
VisualStudioVersion = 15.0.28307.1267
MinimumVisualStudioVersion = 10.0.40219.1
Project("{FAE04EC0-301F-11D3-BF4B-00C04F79EFBC}") = "StudentInformation", "StudentInformation\StudentInformation.csproj", "{18DBE64E-0252-449F-948D-5B6E6D3C9207}"
EndProject
Global
	GlobalSection(SolutionConfigurationPlatforms) = preSolution
		Debug|Any CPU = Debug|Any CPU
		Release|Any CPU = Release|Any CPU
	EndGlobalSection
	GlobalSection(ProjectConfigurationPlatforms) = postSolution
		{18DBE64E-0252-449F-948D-5B6E6D3C9207}.Debug|Any CPU.ActiveCfg = Debug|Any CPU
		{18DBE64E-0252-449F-948D-5B6E6D3C9207}.Debug|Any CPU.Build.0 = Debug|Any CPU
		{18DBE64E-0252-449F-948D-5B6E6D3C9207}.Release|Any CPU.ActiveCfg = Release|Any CPU
		{18DBE64E-0252-449F-948D-5B6E6D3C9207}.Release|Any CPU.Build.0 = Release|Any CPU
	EndGlobalSection
	GlobalSection(SolutionProperties) = preSolution
		HideSolutionNode = FALSE
	EndGlobalSection
	GlobalSection(ExtensibilityGlobals) = postSolution
		SolutionGuid = {58527ED8-1B55-459A-A8EE-66191A6284A3}
	EndGlobalSection
EndGlobal
